
Microsoft Visual Studio Solution File, Format Version 12.00
# Visual Studio 15
Project("{FAE04EC0-301F-11D3-BF4B-00C04F79EFBC}") = "Assembly-CSharp-Editor", "Assembly-CSharp-Editor.csproj", "{0768618D-ADCF-A094-1315-D3A22E771A21}"
EndProject
Project("{FAE04EC0-301F-11D3-BF4B-00C04F79EFBC}") = "Assembly-CSharp", "Assembly-CSharp.csproj", "{CE980C0F-71A4-E2C9-C640-1FF78DA08246}"
EndProject
Global
	GlobalSection(SolutionConfigurationPlatforms) = preSolution
		Debug|Any CPU = Debug|Any CPU
		Release|Any CPU = Release|Any CPU
	EndGlobalSection
	GlobalSection(ProjectConfigurationPlatforms) = postSolution
		{0768618D-ADCF-A094-1315-D3A22E771A21}.Debug|Any CPU.ActiveCfg = Debug|Any CPU
		{0768618D-ADCF-A094-1315-D3A22E771A21}.Debug|Any CPU.Build.0 = Debug|Any CPU
		{0768618D-ADCF-A094-1315-D3A22E771A21}.Release|Any CPU.ActiveCfg = Release|Any CPU
		{0768618D-ADCF-A094-1315-D3A22E771A21}.Release|Any CPU.Build.0 = Release|Any CPU
		{CE980C0F-71A4-E2C9-C640-1FF78DA08246}.Debug|Any CPU.ActiveCfg = Debug|Any CPU
		{CE980C0F-71A4-E2C9-C640-1FF78DA08246}.Debug|Any CPU.Build.0 = Debug|Any CPU
		{CE980C0F-71A4-E2C9-C640-1FF78DA08246}.Release|Any CPU.ActiveCfg = Release|Any CPU
		{CE980C0F-71A4-E2C9-C640-1FF78DA08246}.Release|Any CPU.Build.0 = Release|Any CPU
	EndGlobalSection
	GlobalSection(SolutionProperties) = preSolution
		HideSolutionNode = FALSE
	EndGlobalSection
EndGlobal
